
Microsoft Visual Studio Solution File, Format Version 12.00
# Visual Studio Version 17
VisualStudioVersion = 17.5.33627.172
MinimumVisualStudioVersion = 10.0.40219.1
Project("{FAE04EC0-301F-11D3-BF4B-00C04F79EFBC}") = "MathGame", "MathGame\MathGame.csproj", "{961CB826-9A55-4878-A8F7-D8EAB5C9CA1F}"
EndProject
Global
	GlobalSection(SolutionConfigurationPlatforms) = preSolution
		Debug|Any CPU = Debug|Any CPU
		Release|Any CPU = Release|Any CPU
	EndGlobalSection
	GlobalSection(ProjectConfigurationPlatforms) = postSolution
		{961CB826-9A55-4878-A8F7-D8EAB5C9CA1F}.Debug|Any CPU.ActiveCfg = Debug|Any CPU
		{961CB826-9A55-4878-A8F7-D8EAB5C9CA1F}.Debug|Any CPU.Build.0 = Debug|Any CPU
		{961CB826-9A55-4878-A8F7-D8EAB5C9CA1F}.Release|Any CPU.ActiveCfg = Release|Any CPU
		{961CB826-9A55-4878-A8F7-D8EAB5C9CA1F}.Release|Any CPU.Build.0 = Release|Any CPU
	EndGlobalSection
	GlobalSection(SolutionProperties) = preSolution
		HideSolutionNode = FALSE
	EndGlobalSection
	GlobalSection(ExtensibilityGlobals) = postSolution
		SolutionGuid = {073C3214-EF76-4667-BDC8-FD75949481DD}
	EndGlobalSection
EndGlobal
